
Microsoft Visual Studio Solution File, Format Version 12.00
# Visual Studio Version 16
VisualStudioVersion = 16.0.30907.101
MinimumVisualStudioVersion = 10.0.40219.1
Project("{FAE04EC0-301F-11D3-BF4B-00C04F79EFBC}") = "MySkillsServer", "MySkillsServer.csproj", "{AEFCDFB4-1B13-4065-920A-13884462C457}"
EndProject
Global
	GlobalSection(SolutionConfigurationPlatforms) = preSolution
		Debug|Any CPU = Debug|Any CPU
		Release|Any CPU = Release|Any CPU
	EndGlobalSection
	GlobalSection(ProjectConfigurationPlatforms) = postSolution
		{AEFCDFB4-1B13-4065-920A-13884462C457}.Debug|Any CPU.ActiveCfg = Debug|Any CPU
		{AEFCDFB4-1B13-4065-920A-13884462C457}.Debug|Any CPU.Build.0 = Debug|Any CPU
		{AEFCDFB4-1B13-4065-920A-13884462C457}.Release|Any CPU.ActiveCfg = Release|Any CPU
		{AEFCDFB4-1B13-4065-920A-13884462C457}.Release|Any CPU.Build.0 = Release|Any CPU
	EndGlobalSection
	GlobalSection(SolutionProperties) = preSolution
		HideSolutionNode = FALSE
	EndGlobalSection
	GlobalSection(ExtensibilityGlobals) = postSolution
		SolutionGuid = {F7AAFB89-5F7D-4CC7-85A6-7230993BD218}
	EndGlobalSection
EndGlobal
